{
  "pins" : [
    {
      "identity" : "sample-package",
      "kind" : "remoteSourceControl",
      "location" : "https://github.com/linkrjr/sample-package.git",
      "state" : {
        "branch" : "main",
        "revision" : "af7fb1f8ad0657e53c680886989b82d8b9f931a3"
      }
    }
  ],
  "version" : 2
}
